{
  "lockfileVersion": 1,
  "configVersion": 1,
  "workspaces": {
    "": {
      "name": "org-atproto",
      "dependencies": {
        "@atproto/api": "^0.19.5",
        "@clack/prompts": "^1.2.0",
        "@crustjs/core": "latest",
        "@crustjs/plugins": "latest",
        "uniorg-parse": "^3.2.0",
      },
      "devDependencies": {
        "@crustjs/crust": "latest",
        "@types/bun": "latest",
        "typescript": "^5",
      },
    },
  },
  "patchedDependencies": {
    "uniorg@1.3.0": "patches/uniorg@1.3.0.patch",
  },
  "packages": {
    "@atproto/api": ["@atproto/api@0.19.5", "", { "dependencies": { "@atproto/common-web": "^0.4.19", "@atproto/lexicon": "^0.6.2", "@atproto/syntax": "^0.5.2", "@atproto/xrpc": "^0.7.7", "await-lock": "^2.2.2", "multiformats": "^9.9.0", "tlds": "^1.234.0", "zod": "^3.23.8" } }, "sha512-u6R5TecYJDO8l8QFN09AMuJASYnUkJ4HhYE5hg4/dha/z14a+OAil2/dli/208uM5AHPFLtlnB8kIK9XU5GgQQ=="],

    "@atproto/common-web": ["@atproto/common-web@0.4.19", "", { "dependencies": { "@atproto/lex-data": "^0.0.14", "@atproto/lex-json": "^0.0.14", "@atproto/syntax": "^0.5.1", "zod": "^3.23.8" } }, "sha512-3BTi58p5WpT+9/zb6UZrdsXcfPo5P45UJm0E4iwHLILr+jc37CuBj9JReDSZ4U0i9RTrI3ZkfySyZ9bd+LnMsw=="],

    "@atproto/lex-data": ["@atproto/lex-data@0.0.14", "", { "dependencies": { "multiformats": "^9.9.0", "tslib": "^2.8.1", "uint8arrays": "3.0.0", "unicode-segmenter": "^0.14.0" } }, "sha512-53DUa9664SS76nGAMYopWsO10OH0AAdf7P/HSKB6Wzx3iqe6lk/K61QZnKxOG1LreYl5CfvIJU6eNf4txI6GlQ=="],

    "@atproto/lex-json": ["@atproto/lex-json@0.0.14", "", { "dependencies": { "@atproto/lex-data": "^0.0.14", "tslib": "^2.8.1" } }, "sha512-6lPkDKqe7teEu4WrN5q7400cvZKgYS3uwUMvzG3F9XkgVYhOwSDCtouV/nSLBbpvo3l9OP0kiigtclcNcyekww=="],

    "@atproto/lexicon": ["@atproto/lexicon@0.6.2", "", { "dependencies": { "@atproto/common-web": "^0.4.18", "@atproto/syntax": "^0.5.0", "iso-datestring-validator": "^2.2.2", "multiformats": "^9.9.0", "zod": "^3.23.8" } }, "sha512-p3Ly6hinVZW0ETuAXZMeUGwuMm3g8HvQMQ41yyEE6AL0hAkfeKFaZKos6BdBrr6CjkpbrDZqE8M+5+QOceysMw=="],

    "@atproto/syntax": ["@atproto/syntax@0.5.2", "", { "dependencies": { "tslib": "^2.8.1" } }, "sha512-W41szOnkppoHr0iCUrzL8gy3OD6qmDyp1UvUgmTx2oFQfgbudpz51T/gznesiCcqiUT5obfHdx4PJ+WdlEOE7Q=="],

    "@atproto/xrpc": ["@atproto/xrpc@0.7.7", "", { "dependencies": { "@atproto/lexicon": "^0.6.0", "zod": "^3.23.8" } }, "sha512-K1ZyO/BU8JNtXX5dmPp7b5UrkLMMqpsIa/Lrj5D3Su+j1Xwq1m6QJ2XJ1AgjEjkI1v4Muzm7klianLE6XGxtmA=="],

    "@clack/core": ["@clack/core@1.2.0", "", { "dependencies": { "fast-wrap-ansi": "^0.1.3", "sisteransi": "^1.0.5" } }, "sha512-qfxof/3T3t9DPU/Rj3OmcFyZInceqj/NVtO9rwIuJqCUgh32gwPjpFQQp/ben07qKlhpwq7GzfWpST4qdJ5Drg=="],

    "@clack/prompts": ["@clack/prompts@1.2.0", "", { "dependencies": { "@clack/core": "1.2.0", "fast-string-width": "^1.1.0", "fast-wrap-ansi": "^0.1.3", "sisteransi": "^1.0.5" } }, "sha512-4jmztR9fMqPMjz6H/UZXj0zEmE43ha1euENwkckKKel4XpSfokExPo5AiVStdHSAlHekz4d0CA/r45Ok1E4D3w=="],

    "@crustjs/core": ["@crustjs/core@0.0.15", "", { "peerDependencies": { "typescript": "^5" } }, "sha512-dgR1hSNj202a3IUfdj2S7QEG6Wd/2v24aq0Iz45NGTQxxNbBs6j2ENQSJTZeYkaeXjj+hnNrIZ1PiLnHuDxYaA=="],

    "@crustjs/crust": ["@crustjs/crust@0.0.23", "", { "optionalDependencies": { "@crustjs/crust-darwin-arm64": "0.0.23", "@crustjs/crust-darwin-x64": "0.0.23", "@crustjs/crust-linux-arm64": "0.0.23", "@crustjs/crust-linux-x64": "0.0.23", "@crustjs/crust-windows-arm64": "0.0.23", "@crustjs/crust-windows-x64": "0.0.23" }, "bin": { "crust": "bin/crust.js" } }, "sha512-mghonO4AhMQiNTendaj7qpkguCnp/77tnf1EbMwqSwvTZpAkApcjEwu5+USyky1TLOX9L+UBWA2p7Skz3NIRew=="],

    "@crustjs/crust-darwin-arm64": ["@crustjs/crust-darwin-arm64@0.0.23", "", { "os": "darwin", "cpu": "arm64", "bin": { "crust": "bin/crust-bun-darwin-arm64" } }, "sha512-vsrbtYf6TAURsJ4AzuS9g/CMBwoQ0yDgysuF+Z+8SPSUYfmV4W6MGUVO2rlL+/mhxgiK7Xoo7VxwlR/vDhfy4g=="],

    "@crustjs/crust-darwin-x64": ["@crustjs/crust-darwin-x64@0.0.23", "", { "os": "darwin", "cpu": "x64", "bin": { "crust": "bin/crust-bun-darwin-x64" } }, "sha512-MtDSg5NnpczB1l24H6wAeAhdjVbtHuWGLw2MNO2nm5XwylISoFRTAB4TlNd62nLuxrdXxPtLf5WpRJEU0ZY9SQ=="],

    "@crustjs/crust-linux-arm64": ["@crustjs/crust-linux-arm64@0.0.23", "", { "os": "linux", "cpu": "arm64", "bin": { "crust": "bin/crust-bun-linux-arm64" } }, "sha512-KOgeI+NUNS1xmua+AECsPZN+r2I+6EROnXYTV2iye1bFP0l4rumZMTH4RdX//75smwXqDX301IIPQgfUTLLcog=="],

    "@crustjs/crust-linux-x64": ["@crustjs/crust-linux-x64@0.0.23", "", { "os": "linux", "cpu": "x64", "bin": { "crust": "bin/crust-bun-linux-x64-baseline" } }, "sha512-E1SMop3+kFkPJXHB8g0IqBfz7IvZEyVLYbNhr0SB4mi/8xQPBmR4vfEfPA96kpXQsjgntHN/+sH4G33pc/D6YQ=="],

    "@crustjs/crust-windows-arm64": ["@crustjs/crust-windows-arm64@0.0.23", "", { "os": "win32", "cpu": "arm64", "bin": { "crust": "bin/crust-bun-windows-arm64.exe" } }, "sha512-KERE/UGL7Yn/0DXxO3ickAxkA1zDTmLF8bKQQ1s6f2vbfDjqsZL7bOfkl+B9K5+BSgmnU9j3LdIhpSmxov2cKA=="],

    "@crustjs/crust-windows-x64": ["@crustjs/crust-windows-x64@0.0.23", "", { "os": "win32", "cpu": "x64", "bin": { "crust": "bin/crust-bun-windows-x64-baseline.exe" } }, "sha512-zBl37qIt/MksZfoVKYFoK+CRo/WaDgtrCyIo+NrJxr7esfrrxwwE6y7GfhwRv13AzwsvyXNAwXtVo8Mdo7c61A=="],

    "@crustjs/plugins": ["@crustjs/plugins@0.0.20", "", { "dependencies": { "@crustjs/style": "0.0.6" }, "peerDependencies": { "@crustjs/core": "0.0.15", "typescript": "^5" } }, "sha512-bXH67QK7fnV7Ko2dqgbZjsdbGrEHTF99fi92/gyXYcVY+ZKd61MVN1BDWCdTL0hC/11uYWHE3Qh9TgKVq4panQ=="],

    "@crustjs/style": ["@crustjs/style@0.0.6", "", { "peerDependencies": { "typescript": "^5" } }, "sha512-GB15j1g/IeOa+ZhacHOzEj9D7TKDFJ2axdwvTCyyfl3U1c+tbi+gBs+2HWmExDjEDhuN3ABwuUlLMljTUlxI4w=="],

    "@types/bun": ["@types/bun@1.3.11", "", { "dependencies": { "bun-types": "1.3.11" } }, "sha512-5vPne5QvtpjGpsGYXiFyycfpDF2ECyPcTSsFBMa0fraoxiQyMJ3SmuQIGhzPg2WJuWxVBoxWJ2kClYTcw/4fAg=="],

    "@types/node": ["@types/node@25.5.0", "", { "dependencies": { "undici-types": "~7.18.0" } }, "sha512-jp2P3tQMSxWugkCUKLRPVUpGaL5MVFwF8RDuSRztfwgN1wmqJeMSbKlnEtQqU8UrhTmzEmZdu2I6v2dpp7XIxw=="],

    "@types/unist": ["@types/unist@3.0.3", "", {}, "sha512-ko/gIFJRv177XgZsZcBwnqJN5x/Gien8qNOn0D5bQU/zAzVf9Zt3BlcUiLqhV9y4ARk0GbT3tnUiPNgnTXzc/Q=="],

    "await-lock": ["await-lock@2.2.2", "", {}, "sha512-aDczADvlvTGajTDjcjpJMqRkOF6Qdz3YbPZm/PyW6tKPkx2hlYBzxMhEywM/tU72HrVZjgl5VCdRuMlA7pZ8Gw=="],

    "bail": ["bail@2.0.2", "", {}, "sha512-0xO6mYd7JB2YesxDKplafRpsiOzPt9V02ddPCLbY1xYGPOX24NTyN50qnUxgCPcSoYMhKpAuBTjQoRZCAkUDRw=="],

    "bun-types": ["bun-types@1.3.11", "", { "dependencies": { "@types/node": "*" } }, "sha512-1KGPpoxQWl9f6wcZh57LvrPIInQMn2TQ7jsgxqpRzg+l0QPOFvJVH7HmvHo/AiPgwXy+/Thf6Ov3EdVn1vOabg=="],

    "dequal": ["dequal@2.0.3", "", {}, "sha512-0je+qPKHEMohvfRTCEo3CrPG6cAzAYgmzKyxRiYSSDkS6eGJdyVJm7WaYA5ECaAD9wLB2T4EEeymA5aFVcYXCA=="],

    "devlop": ["devlop@1.1.0", "", { "dependencies": { "dequal": "^2.0.0" } }, "sha512-RWmIqhcFf1lRYBvNmr7qTNuyCt/7/ns2jbpp1+PalgE/rDQcBT0fioSMUpJ93irlUhC5hrg4cYqe6U+0ImW0rA=="],

    "extend": ["extend@3.0.2", "", {}, "sha512-fjquC59cD7CyW6urNXK0FBufkZcoiGG80wTuPujX590cB5Ttln20E2UB4S/WARVqhXffZl2LNgS+gQdPIIim/g=="],

    "fast-string-truncated-width": ["fast-string-truncated-width@1.2.1", "", {}, "sha512-Q9acT/+Uu3GwGj+5w/zsGuQjh9O1TyywhIwAxHudtWrgF09nHOPrvTLhQevPbttcxjr/SNN7mJmfOw/B1bXgow=="],

    "fast-string-width": ["fast-string-width@1.1.0", "", { "dependencies": { "fast-string-truncated-width": "^1.2.0" } }, "sha512-O3fwIVIH5gKB38QNbdg+3760ZmGz0SZMgvwJbA1b2TGXceKE6A2cOlfogh1iw8lr049zPyd7YADHy+B7U4W9bQ=="],

    "fast-wrap-ansi": ["fast-wrap-ansi@0.1.6", "", { "dependencies": { "fast-string-width": "^1.1.0" } }, "sha512-HlUwET7a5gqjURj70D5jl7aC3Zmy4weA1SHUfM0JFI0Ptq987NH2TwbBFLoERhfwk+E+eaq4EK3jXoT+R3yp3w=="],

    "is-plain-obj": ["is-plain-obj@4.1.0", "", {}, "sha512-+Pgi+vMuUNkJyExiMBt5IlFoMyKnr5zhJ4Uspz58WOhBF5QoIZkFyNHIbBAtHwzVAgk5RtndVNsDRN61/mmDqg=="],

    "iso-datestring-validator": ["iso-datestring-validator@2.2.2", "", {}, "sha512-yLEMkBbLZTlVQqOnQ4FiMujR6T4DEcCb1xizmvXS+OxuhwcbtynoosRzdMA69zZCShCNAbi+gJ71FxZBBXx1SA=="],

    "multiformats": ["multiformats@9.9.0", "", {}, "sha512-HoMUjhH9T8DDBNT+6xzkrd9ga/XiBI4xLr58LJACwK6G3HTOPeMz4nB4KJs33L2BelrIJa7P0VuNaVF3hMYfjg=="],

    "sisteransi": ["sisteransi@1.0.5", "", {}, "sha512-bLGGlR1QxBcynn2d5YmDX4MGjlZvy2MRBDRNHLJ8VI6l6+9FUiyTFNJ0IveOSP0bcXgVDPRcfGqA0pjaqUpfVg=="],

    "tlds": ["tlds@1.261.0", "", { "bin": { "tlds": "bin.js" } }, "sha512-QXqwfEl9ddlGBaRFXIvNKK6OhipSiLXuRuLJX5DErz0o0Q0rYxulWLdFryTkV5PkdZct5iMInwYEGe/eR++1AA=="],

    "trough": ["trough@2.2.0", "", {}, "sha512-tmMpK00BjZiUyVyvrBK7knerNgmgvcV/KLVyuma/SC+TQN167GrMRciANTz09+k3zW8L8t60jWO1GpfkZdjTaw=="],

    "tslib": ["tslib@2.8.1", "", {}, "sha512-oJFu94HQb+KVduSUQL7wnpmqnfmLsOA/nAh6b6EH0wCEoK0/mPeXU6c3wKDV83MkOuHPRHtSXKKU99IBazS/2w=="],

    "typescript": ["typescript@5.9.3", "", { "bin": { "tsc": "bin/tsc", "tsserver": "bin/tsserver" } }, "sha512-jl1vZzPDinLr9eUt3J/t7V6FgNEw9QjvBPdysz9KfQDD41fQrC2Y4vKQdiaUpFT4bXlb1RHhLpp8wtm6M5TgSw=="],

    "uint8arrays": ["uint8arrays@3.0.0", "", { "dependencies": { "multiformats": "^9.4.2" } }, "sha512-HRCx0q6O9Bfbp+HHSfQQKD7wU70+lydKVt4EghkdOvlK/NlrF90z+eXV34mUd48rNvVJXwkrMSPpCATkct8fJA=="],

    "undici-types": ["undici-types@7.18.2", "", {}, "sha512-AsuCzffGHJybSaRrmr5eHr81mwJU3kjw6M+uprWvCXiNeN9SOGwQ3Jn8jb8m3Z6izVgknn1R0FTCEAP2QrLY/w=="],

    "unicode-segmenter": ["unicode-segmenter@0.14.5", "", {}, "sha512-jHGmj2LUuqDcX3hqY12Ql+uhUTn8huuxNZGq7GvtF6bSybzH3aFgedYu/KTzQStEgt1Ra2F3HxadNXsNjb3m3g=="],

    "unified": ["unified@11.0.5", "", { "dependencies": { "@types/unist": "^3.0.0", "bail": "^2.0.0", "devlop": "^1.0.0", "extend": "^3.0.0", "is-plain-obj": "^4.0.0", "trough": "^2.0.0", "vfile": "^6.0.0" } }, "sha512-xKvGhPWw3k84Qjh8bI3ZeJjqnyadK+GEFtazSfZv/rKeTkTjOJho6mFqh2SM96iIcZokxiOpg78GazTSg8+KHA=="],

    "uniorg": ["uniorg@1.3.0", "", { "dependencies": { "@types/unist": "^3.0.0" } }, "sha512-4FC5ExQJDJAb19Y+Nn7TnRo/Efsio9NwI29A6dZArSY24udp2WH2Gm4DwIi9nqlWsXE8E68i50YlZ+CkDSblTA=="],

    "uniorg-parse": ["uniorg-parse@3.2.0", "", { "dependencies": { "unified": "^11.0.4", "uniorg": "^1.3.0", "unist-builder": "^4.0.0", "vfile": "^6.0.1", "vfile-location": "^5.0.2" } }, "sha512-eMvDz7X3dl5+wG/UsYQ9+HxDedYobW/+ftGY9uVM+lZlqENsu8zLgveUm0gEnmAWgY5YCSOsSGwAi+d6x6KTeA=="],

    "unist-builder": ["unist-builder@4.0.0", "", { "dependencies": { "@types/unist": "^3.0.0" } }, "sha512-wmRFnH+BLpZnTKpc5L7O67Kac89s9HMrtELpnNaE6TAobq5DTZZs5YaTQfAZBA9bFPECx2uVAPO31c+GVug8mg=="],

    "unist-util-stringify-position": ["unist-util-stringify-position@4.0.0", "", { "dependencies": { "@types/unist": "^3.0.0" } }, "sha512-0ASV06AAoKCDkS2+xw5RXJywruurpbC4JZSm7nr7MOt1ojAzvyyaO+UxZf18j8FCF6kmzCZKcAgN/yu2gm2XgQ=="],

    "vfile": ["vfile@6.0.3", "", { "dependencies": { "@types/unist": "^3.0.0", "vfile-message": "^4.0.0" } }, "sha512-KzIbH/9tXat2u30jf+smMwFCsno4wHVdNmzFyL+T/L3UGqqk6JKfVqOFOZEpZSHADH1k40ab6NUIXZq422ov3Q=="],

    "vfile-location": ["vfile-location@5.0.3", "", { "dependencies": { "@types/unist": "^3.0.0", "vfile": "^6.0.0" } }, "sha512-5yXvWDEgqeiYiBe1lbxYF7UMAIm/IcopxMHrMQDq3nvKcjPKIhZklUKL+AE7J7uApI4kwe2snsK+eI6UTj9EHg=="],

    "vfile-message": ["vfile-message@4.0.3", "", { "dependencies": { "@types/unist": "^3.0.0", "unist-util-stringify-position": "^4.0.0" } }, "sha512-QTHzsGd1EhbZs4AsQ20JX1rC3cOlt/IWJruk893DfLRr57lcnOeMaWG4K0JrRta4mIJZKth2Au3mM3u03/JWKw=="],

    "zod": ["zod@3.25.76", "", {}, "sha512-gzUt/qt81nXsFGKIFcC3YnfEAx5NkunCfnDlvuBSSFS02bcXu4Lmea0AFIUwbLWxWPx3d9p8S5QoaujKcNQxcQ=="],
  }
}
